
Microsoft Visual Studio Solution File, Format Version 12.00
# Visual Studio Version 17
VisualStudioVersion = 17.5.33530.505
MinimumVisualStudioVersion = 10.0.40219.1
Project("{FAE04EC0-301F-11D3-BF4B-00C04F79EFBC}") = "ProjectPractise", "ProjectPractise\ProjectPractise.csproj", "{3E0844E6-AC89-465B-A1B3-7974BD8DC5C9}"
EndProject
Global
	GlobalSection(SolutionConfigurationPlatforms) = preSolution
		Debug|Any CPU = Debug|Any CPU
		Release|Any CPU = Release|Any CPU
	EndGlobalSection
	GlobalSection(ProjectConfigurationPlatforms) = postSolution
		{3E0844E6-AC89-465B-A1B3-7974BD8DC5C9}.Debug|Any CPU.ActiveCfg = Debug|Any CPU
		{3E0844E6-AC89-465B-A1B3-7974BD8DC5C9}.Debug|Any CPU.Build.0 = Debug|Any CPU
		{3E0844E6-AC89-465B-A1B3-7974BD8DC5C9}.Release|Any CPU.ActiveCfg = Release|Any CPU
		{3E0844E6-AC89-465B-A1B3-7974BD8DC5C9}.Release|Any CPU.Build.0 = Release|Any CPU
	EndGlobalSection
	GlobalSection(SolutionProperties) = preSolution
		HideSolutionNode = FALSE
	EndGlobalSection
	GlobalSection(ExtensibilityGlobals) = postSolution
		SolutionGuid = {2F26AED4-D9E3-41D2-AB7A-58655E84DA19}
	EndGlobalSection
EndGlobal
